PODS:
  - McuManager (0.12.0):
    - SwiftCBOR (= 0.4.4)
  - SwiftCBOR (0.4.4)

DEPENDENCIES:
  - McuManager (from `../`)

SPEC REPOS:
  trunk:
    - SwiftCBOR

EXTERNAL SOURCES:
  McuManager:
    :path: "../"

SPEC CHECKSUMS:
  McuManager: 11f6e0eeb4c23e03c18e7f0a6fd74a2a4e0c5a31
  SwiftCBOR: ce5354ec8b660da2d6fc754462881119dbe1f963

PODFILE CHECKSUM: 4826f049a2289ef3bb11034e2c7e460681bad781

COCOAPODS: 1.11.3
